version = 1
requires-python = ">=3.7, <3.14"

[[package]]
name = "behave"
version = "1.2.6"
source = { registry = "https://pypi.org/simple" }
dependencies = [
    { name = "parse" },
    { name = "parse-type" },
    { name = "six" },
]
sdist = { url = "https://files.pythonhosted.org/packages/c8/4b/d0a8c23b6c8985e5544ea96d27105a273ea22051317f850c2cdbf2029fe4/behave-1.2.6.tar.gz", hash = "sha256:b9662327aa53294c1351b0a9c369093ccec1d21026f050c3bd9b3e5cccf81a86", size = 701696 }
wheels = [
    { url = "https://files.pythonhosted.org/packages/a8/6c/ec9169548b6c4cb877aaa6773408ca08ae2a282805b958dbc163cb19822d/behave-1.2.6-py2.py3-none-any.whl", hash = "sha256:ebda1a6c9e5bfe95c5f9f0a2794e01c7098b3dde86c10a95d8621c5907ff6f1c", size = 136779 },
]

[[package]]
name = "databend-driver"
version = "0.25.0"
source = { editable = "." }

[package.dev-dependencies]
dev = [
    { name = "behave" },
    { name = "maturin" },
    { name = "ruff" },
]

[package.metadata]

[package.metadata.requires-dev]
dev = [
    { name = "behave", specifier = ">=1.2.6" },
    { name = "maturin", specifier = ">=1.7.8" },
    { name = "ruff", specifier = ">=0.8.4" },
]

[[package]]
name = "maturin"
version = "1.8.1"
source = { registry = "https://pypi.org/simple" }
dependencies = [
    { name = "tomli", marker = "python_full_version < '3.11'" },
]
sdist = { url = "https://files.pythonhosted.org/packages/9a/08/ccb0f917722a35ab0d758be9bb5edaf645c3a3d6170061f10d396ecd273f/maturin-1.8.1.tar.gz", hash = "sha256:49cd964aabf59f8b0a6969f9860d2cdf194ac331529caae14c884f5659568857", size = 197397 }
wheels = [
    { url = "https://files.pythonhosted.org/packages/4c/00/f34077315f34db8ad2ccf6bfe11b864ca27baab3a1320634da8e3cf89a48/maturin-1.8.1-py3-none-linux_armv6l.whl", hash = "sha256:7e590a23d9076b8a994f2e67bc63dc9a2d1c9a41b1e7b45ac354ba8275254e89", size = 7568415 },
    { url = "https://files.pythonhosted.org/packages/5c/07/9219976135ce0cb32d2fa6ea5c6d0ad709013d9a17967312e149b98153a6/maturin-1.8.1-py3-none-macosx_10_12_x86_64.macosx_11_0_arm64.macosx_10_12_universal2.whl", hash = "sha256:8d8251a95682c83ea60988c804b620c181911cd824aa107b4a49ac5333c92968", size = 14527816 },
    { url = "https://files.pythonhosted.org/packages/e6/04/fa009a00903acdd1785d58322193140bfe358595347c39f315112dabdf9e/maturin-1.8.1-py3-none-macosx_10_12_x86_64.whl", hash = "sha256:b9fc1a4354cac5e32c190410208039812ea88c4a36bd2b6499268ec49ef5de00", size = 7580446 },
    { url = "https://files.pythonhosted.org/packages/9b/d4/414b2aab9bbfe88182b734d3aa1b4fef7d7701e50f6be48500378b8c8721/maturin-1.8.1-py3-none-manylinux_2_12_i686.manylinux2010_i686.musllinux_1_1_i686.whl", hash = "sha256:621e171c6b39f95f1d0df69a118416034fbd59c0f89dcaea8c2ea62019deecba", size = 7650535 },
    { url = "https://files.pythonhosted.org/packages/f0/64/879418a8a0196013ec1fb19eada0781c04a30e8d6d9227e80f91275a4f5b/maturin-1.8.1-py3-none-manylinux_2_12_x86_64.manylinux2010_x86_64.musllinux_1_1_x86_64.whl", hash = "sha256:98f638739a5132962347871b85c91f525c9246ef4d99796ae98a2031e3df029f", size = 8006702 },
    { url = "https://files.pythonhosted.org/packages/39/c2/605829324f8371294f70303aca130682df75318958efed246873d3d604ab/maturin-1.8.1-py3-none-manylinux_2_17_aarch64.manylinux2014_aarch64.musllinux_1_1_aarch64.whl", hash = "sha256:f9f5c47521924b6e515cbc652a042fe5f17f8747445be9d931048e5d8ddb50a4", size = 7368164 },
    { url = "https://files.pythonhosted.org/packages/be/6c/30e136d397bb146b94b628c0ef7f17708281611b97849e2cf37847025ac7/maturin-1.8.1-py3-none-manylinux_2_17_armv7l.manylinux2014_armv7l.musllinux_1_1_armv7l.whl", hash = "sha256:0f4407c7353c31bfbb8cdeb82bc2170e474cbfb97b5ba27568f440c9d6c1fdd4", size = 7450889 },
    { url = "https://files.pythonhosted.org/packages/1b/50/e1f5023512696d4e56096f702e2f68d6d9a30afe0a4eec82b0e27b8eb4e4/maturin-1.8.1-py3-none-manylinux_2_17_ppc64le.manylinux2014_ppc64le.musllinux_1_1_ppc64le.whl", hash = "sha256:ec49cd70cad3c389946c6e2bc0bd50772a7fcb463040dd800720345897eec9bf", size = 9585819 },
    { url = "https://files.pythonhosted.org/packages/b7/80/b24b5248d89d2e5982553900237a337ea098ca9297b8369ca2aa95549e0f/maturin-1.8.1-py3-none-manylinux_2_17_s390x.manylinux2014_s390x.whl", hash = "sha256:c08767d794de8f8a11c5c8b1b47a4ff9fb6ae2d2d97679e27030f2f509c8c2a0", size = 10920801 },
    { url = "https://files.pythonhosted.org/packages/6e/f4/8ede7a662fabf93456b44390a5ad22630e25fb5ddaecf787251071b2e143/maturin-1.8.1-py3-none-win32.whl", hash = "sha256:d678407713f3e10df33c5b3d7a343ec0551eb7f14d8ad9ba6febeb96f4e4c75c", size = 6873556 },
    { url = "https://files.pythonhosted.org/packages/9c/22/757f093ed0e319e9648155b8c9d716765442bea5bc98ebc58ad4ad5b0524/maturin-1.8.1-py3-none-win_amd64.whl", hash = "sha256:a526f90fe0e5cb59ffb81f4ff547ddc42e823bbdeae4a31012c0893ca6dcaf46", size = 7823153 },
    { url = "https://files.pythonhosted.org/packages/a4/f5/051413e04f6da25069db5e76759ecdb8cd2a8ab4a94045b5a3bf548c66fa/maturin-1.8.1-py3-none-win_arm64.whl", hash = "sha256:e95f077fd2ddd2f048182880eed458c308571a534be3eb2add4d3dac55bf57f4", size = 6552131 },
]

[[package]]
name = "parse"
version = "1.20.2"
source = { registry = "https://pypi.org/simple" }
sdist = { url = "https://files.pythonhosted.org/packages/4f/78/d9b09ba24bb36ef8b83b71be547e118d46214735b6dfb39e4bfde0e9b9dd/parse-1.20.2.tar.gz", hash = "sha256:b41d604d16503c79d81af5165155c0b20f6c8d6c559efa66b4b695c3e5a0a0ce", size = 29391 }
wheels = [
    { url = "https://files.pythonhosted.org/packages/d0/31/ba45bf0b2aa7898d81cbbfac0e88c267befb59ad91a19e36e1bc5578ddb1/parse-1.20.2-py2.py3-none-any.whl", hash = "sha256:967095588cb802add9177d0c0b6133b5ba33b1ea9007ca800e526f42a85af558", size = 20126 },
]

[[package]]
name = "parse-type"
version = "0.6.4"
source = { registry = "https://pypi.org/simple" }
dependencies = [
    { name = "parse" },
    { name = "six" },
]
sdist = { url = "https://files.pythonhosted.org/packages/17/e9/a3b2ae5f8a852542788ac1f1865dcea0c549cc40af243f42cabfa0acf24d/parse_type-0.6.4.tar.gz", hash = "sha256:5e1ec10440b000c3f818006033372939e693a9ec0176f446d9303e4db88489a6", size = 96480 }
wheels = [
    { url = "https://files.pythonhosted.org/packages/d5/b3/f6cc950042bfdbe98672e7c834d930f85920fb7d3359f59096e8d2799617/parse_type-0.6.4-py2.py3-none-any.whl", hash = "sha256:83d41144a82d6b8541127bf212dd76c7f01baff680b498ce8a4d052a7a5bce4c", size = 27442 },
]

[[package]]
name = "ruff"
version = "0.9.1"
source = { registry = "https://pypi.org/simple" }
sdist = { url = "https://files.pythonhosted.org/packages/67/3e/e89f736f01aa9517a97e2e7e0ce8d34a4d8207087b3cfdec95133fee13b5/ruff-0.9.1.tar.gz", hash = "sha256:fd2b25ecaf907d6458fa842675382c8597b3c746a2dde6717fe3415425df0c17", size = 3498844 }
wheels = [
    { url = "https://files.pythonhosted.org/packages/dc/05/c3a2e0feb3d5d394cdfd552de01df9d3ec8a3a3771bbff247fab7e668653/ruff-0.9.1-py3-none-linux_armv6l.whl", hash = "sha256:84330dda7abcc270e6055551aca93fdde1b0685fc4fd358f26410f9349cf1743", size = 10645241 },
    { url = "https://files.pythonhosted.org/packages/dd/da/59f0a40e5f88ee5c054ad175caaa2319fc96571e1d29ab4730728f2aad4f/ruff-0.9.1-py3-none-macosx_10_12_x86_64.whl", hash = "sha256:3cae39ba5d137054b0e5b472aee3b78a7c884e61591b100aeb544bcd1fc38d4f", size = 10391066 },
    { url = "https://files.pythonhosted.org/packages/b7/fe/85e1c1acf0ba04a3f2d54ae61073da030f7a5dc386194f96f3c6ca444a78/ruff-0.9.1-py3-none-macosx_11_0_arm64.whl", hash = "sha256:50c647ff96f4ba288db0ad87048257753733763b409b2faf2ea78b45c8bb7fcb", size = 10012308 },
    { url = "https://files.pythonhosted.org/packages/6f/9b/780aa5d4bdca8dcea4309264b8faa304bac30e1ce0bcc910422bfcadd203/ruff-0.9.1-py3-none-manylinux_2_17_aarch64.manylinux2014_aarch64.whl", hash = "sha256:f0c8b149e9c7353cace7d698e1656ffcf1e36e50f8ea3b5d5f7f87ff9986a7ca", size = 10881960 },
    { url = "https://files.pythonhosted.org/packages/12/f4/dac4361afbfe520afa7186439e8094e4884ae3b15c8fc75fb2e759c1f267/ruff-0.9.1-py3-none-manylinux_2_17_armv7l.manylinux2014_armv7l.whl", hash = "sha256:beb3298604540c884d8b282fe7625651378e1986c25df51dec5b2f60cafc31ce", size = 10414803 },
    { url = "https://files.pythonhosted.org/packages/f0/a2/057a3cb7999513cb78d6cb33a7d1cc6401c82d7332583786e4dad9e38e44/ruff-0.9.1-py3-none-manylinux_2_17_i686.manylinux2014_i686.whl", hash = "sha256:39d0174ccc45c439093971cc06ed3ac4dc545f5e8bdacf9f067adf879544d969", size = 11464929 },
    { url = "https://files.pythonhosted.org/packages/eb/c6/1ccfcc209bee465ced4874dcfeaadc88aafcc1ea9c9f31ef66f063c187f0/ruff-0.9.1-py3-none-manylinux_2_17_ppc64.manylinux2014_ppc64.whl", hash = "sha256:69572926c0f0c9912288915214ca9b2809525ea263603370b9e00bed2ba56dbd", size = 12170717 },
    { url = "https://files.pythonhosted.org/packages/84/97/4a524027518525c7cf6931e9fd3b2382be5e4b75b2b61bec02681a7685a5/ruff-0.9.1-py3-none-manylinux_2_17_ppc64le.manylinux2014_ppc64le.whl", hash = "sha256:937267afce0c9170d6d29f01fcd1f4378172dec6760a9f4dface48cdabf9610a", size = 11708921 },
    { url = "https://files.pythonhosted.org/packages/a6/a4/4e77cf6065c700d5593b25fca6cf725b1ab6d70674904f876254d0112ed0/ruff-0.9.1-py3-none-manylinux_2_17_s390x.manylinux2014_s390x.whl", hash = "sha256:186c2313de946f2c22bdf5954b8dd083e124bcfb685732cfb0beae0c47233d9b", size = 13058074 },
    { url = "https://files.pythonhosted.org/packages/f9/d6/fcb78e0531e863d0a952c4c5600cc5cd317437f0e5f031cd2288b117bb37/ruff-0.9.1-py3-none-manylinux_2_17_x86_64.manylinux2014_x86_64.whl", hash = "sha256:3f94942a3bb767675d9a051867c036655fe9f6c8a491539156a6f7e6b5f31831", size = 11281093 },
    { url = "https://files.pythonhosted.org/packages/e4/3b/7235bbeff00c95dc2d073cfdbf2b871b5bbf476754c5d277815d286b4328/ruff-0.9.1-py3-none-musllinux_1_2_aarch64.whl", hash = "sha256:728d791b769cc28c05f12c280f99e8896932e9833fef1dd8756a6af2261fd1ab", size = 10882610 },
    { url = "https://files.pythonhosted.org/packages/2a/66/5599d23257c61cf038137f82999ca8f9d0080d9d5134440a461bef85b461/ruff-0.9.1-py3-none-musllinux_1_2_armv7l.whl", hash = "sha256:2f312c86fb40c5c02b44a29a750ee3b21002bd813b5233facdaf63a51d9a85e1", size = 10489273 },
    { url = "https://files.pythonhosted.org/packages/78/85/de4aa057e2532db0f9761e2c2c13834991e087787b93e4aeb5f1cb10d2df/ruff-0.9.1-py3-none-musllinux_1_2_i686.whl", hash = "sha256:ae017c3a29bee341ba584f3823f805abbe5fe9cd97f87ed07ecbf533c4c88366", size = 11003314 },
    { url = "https://files.pythonhosted.org/packages/00/42/afedcaa089116d81447347f76041ff46025849fedb0ed2b187d24cf70fca/ruff-0.9.1-py3-none-musllinux_1_2_x86_64.whl", hash = "sha256:5dc40a378a0e21b4cfe2b8a0f1812a6572fc7b230ef12cd9fac9161aa91d807f", size = 11342982 },
    { url = "https://files.pythonhosted.org/packages/39/c6/fe45f3eb27e3948b41a305d8b768e949bf6a39310e9df73f6c576d7f1d9f/ruff-0.9.1-py3-none-win32.whl", hash = "sha256:46ebf5cc106cf7e7378ca3c28ce4293b61b449cd121b98699be727d40b79ba72", size = 8819750 },
    { url = "https://files.pythonhosted.org/packages/38/8d/580db77c3b9d5c3d9479e55b0b832d279c30c8f00ab0190d4cd8fc67831c/ruff-0.9.1-py3-none-win_amd64.whl", hash = "sha256:342a824b46ddbcdddd3abfbb332fa7fcaac5488bf18073e841236aadf4ad5c19", size = 9701331 },
    { url = "https://files.pythonhosted.org/packages/b2/94/0498cdb7316ed67a1928300dd87d659c933479f44dec51b4f62bfd1f8028/ruff-0.9.1-py3-none-win_arm64.whl", hash = "sha256:1cd76c7f9c679e6e8f2af8f778367dca82b95009bc7b1a85a47f1521ae524fa7", size = 9145708 },
]

[[package]]
name = "six"
version = "1.17.0"
source = { registry = "https://pypi.org/simple" }
sdist = { url = "https://files.pythonhosted.org/packages/94/e7/b2c673351809dca68a0e064b6af791aa332cf192da575fd474ed7d6f16a2/six-1.17.0.tar.gz", hash = "sha256:ff70335d468e7eb6ec65b95b99d3a2836546063f63acc5171de367e834932a81", size = 34031 }
wheels = [
    { url = "https://files.pythonhosted.org/packages/b7/ce/149a00dd41f10bc29e5921b496af8b574d8413afcd5e30dfa0ed46c2cc5e/six-1.17.0-py2.py3-none-any.whl", hash = "sha256:4721f391ed90541fddacab5acf947aa0d3dc7d27b2e1e8eda2be8970586c3274", size = 11050 },
]

[[package]]
name = "tomli"
version = "2.0.1"
source = { registry = "https://pypi.org/simple" }
sdist = { url = "https://files.pythonhosted.org/packages/c0/3f/d7af728f075fb08564c5949a9c95e44352e23dee646869fa104a3b2060a3/tomli-2.0.1.tar.gz", hash = "sha256:de526c12914f0c550d15924c62d72abc48d6fe7364aa87328337a31007fe8a4f", size = 15164 }
wheels = [
    { url = "https://files.pythonhosted.org/packages/97/75/10a9ebee3fd790d20926a90a2547f0bf78f371b2f13aa822c759680ca7b9/tomli-2.0.1-py3-none-any.whl", hash = "sha256:939de3e7a6161af0c887ef91b7d41a53e7c5a1ca976325f429cb46ea9bc30ecc", size = 12757 },
]
