version = 1
requires-python = ">=3.7, <3.14"

[[package]]
name = "behave"
version = "1.2.6"
source = { registry = "https://pypi.org/simple" }
dependencies = [
    { name = "parse" },
    { name = "parse-type" },
    { name = "six" },
]
sdist = { url = "https://files.pythonhosted.org/packages/c8/4b/d0a8c23b6c8985e5544ea96d27105a273ea22051317f850c2cdbf2029fe4/behave-1.2.6.tar.gz", hash = "sha256:b9662327aa53294c1351b0a9c369093ccec1d21026f050c3bd9b3e5cccf81a86", size = 701696 }
wheels = [
    { url = "https://files.pythonhosted.org/packages/a8/6c/ec9169548b6c4cb877aaa6773408ca08ae2a282805b958dbc163cb19822d/behave-1.2.6-py2.py3-none-any.whl", hash = "sha256:ebda1a6c9e5bfe95c5f9f0a2794e01c7098b3dde86c10a95d8621c5907ff6f1c", size = 136779 },
]

[[package]]
name = "databend-driver"
version = "0.24.6"
source = { editable = "." }

[package.dev-dependencies]
dev = [
    { name = "behave" },
    { name = "maturin" },
    { name = "ruff" },
]

[package.metadata]

[package.metadata.requires-dev]
dev = [
    { name = "behave", specifier = ">=1.2.6" },
    { name = "maturin", specifier = ">=1.7.8" },
    { name = "ruff", specifier = ">=0.8.4" },
]

[[package]]
name = "maturin"
version = "1.7.8"
source = { registry = "https://pypi.org/simple" }
dependencies = [
    { name = "tomli", marker = "python_full_version < '3.11'" },
]
sdist = { url = "https://files.pythonhosted.org/packages/ab/1e/085ddc0e5b08ae7af7a743a0dd6ed06b22a1332288488f1a333137885150/maturin-1.7.8.tar.gz", hash = "sha256:649c6ef3f0fa4c5f596140d761dc5a4d577c485cc32fb5b9b344a8280352880d", size = 195704 }
wheels = [
    { url = "https://files.pythonhosted.org/packages/7e/ed/c8bb26e91c879e418ae1b01630722ed20b6fe0e6755be8d538d83666f136/maturin-1.7.8-py3-none-linux_armv6l.whl", hash = "sha256:c6950fd2790acd93265e1501cea66f9249cff19724654424ca75a3b17ebb315b", size = 7515691 },
    { url = "https://files.pythonhosted.org/packages/38/7a/573f969315f0b92a09a0a565d45e98812c87796e2e19a7856159ab234faf/maturin-1.7.8-py3-none-macosx_10_12_x86_64.macosx_11_0_arm64.macosx_10_12_universal2.whl", hash = "sha256:f98288d5c382bacf0c076871dfd50c38f1eb2248f417551e98dd6f47f6ee8afa", size = 14434454 },
    { url = "https://files.pythonhosted.org/packages/a6/17/46834841fbf19231487f185e68b95ca348cc05cce49be8787e0bc7e9dc47/maturin-1.7.8-py3-none-macosx_10_12_x86_64.whl", hash = "sha256:b2d4e0f674ca29864e6b86c2eb9fee8236d1c7496c25f7300e34229272468f4c", size = 7509122 },
    { url = "https://files.pythonhosted.org/packages/c1/8f/bf8b4871eb390a4baef2e0bb5016852c7c0311a9772e2945534cfa2ee40e/maturin-1.7.8-py3-none-manylinux_2_12_i686.manylinux2010_i686.musllinux_1_1_i686.whl", hash = "sha256:6cafb17bf57822bdc04423d9e3e766d42918d474848fe9833e397267514ba891", size = 7598870 },
    { url = "https://files.pythonhosted.org/packages/dc/43/c842be67a7c59568082345249b956138ae93d0b2474fb41c186ce26d05e1/maturin-1.7.8-py3-none-manylinux_2_12_x86_64.manylinux2010_x86_64.musllinux_1_1_x86_64.whl", hash = "sha256:2b2bdee0c3a84696b3a809054c43ead1a04b7b3321cbd5b8f5676e4ba4691d0f", size = 7932310 },
    { url = "https://files.pythonhosted.org/packages/12/12/42435d05f2d6c75eb621751e6f021d29eb34d18e3b9c5c94d828744c2d54/maturin-1.7.8-py3-none-manylinux_2_17_aarch64.manylinux2014_aarch64.musllinux_1_1_aarch64.whl", hash = "sha256:b8188b71259fc2bc568d9c8acc186fcfed96f42539bcb55b8e6f4ec26e411f37", size = 7321964 },
    { url = "https://files.pythonhosted.org/packages/b4/26/f3272ee985ebf9b3e8c4cd4f4efb022af1e12c9f53aed0dcc9a255399f4e/maturin-1.7.8-py3-none-manylinux_2_17_armv7l.manylinux2014_armv7l.musllinux_1_1_armv7l.whl", hash = "sha256:a4f58c2a53c2958a1bf090960b08b28e676136cd88ac2f5dfdcf1b14ea54ec06", size = 7408613 },
    { url = "https://files.pythonhosted.org/packages/36/7d/be27bcc7d3ac6e6c2136a8ec0cc56f227a292d6cfdde55e095b6c0aa24a9/maturin-1.7.8-py3-none-manylinux_2_17_ppc64le.manylinux2014_ppc64le.musllinux_1_1_ppc64le.whl", hash = "sha256:c5d6c0c631d1fc646cd3834795e6cfd72ab4271d289df7e0f911261a02bec75f", size = 9496974 },
    { url = "https://files.pythonhosted.org/packages/e1/e8/0d7323e9a31c11edf69c4473d73eca74803ce3e2390abf8ae3ac7eb10b04/maturin-1.7.8-py3-none-manylinux_2_17_s390x.manylinux2014_s390x.whl", hash = "sha256:c23664d19dadcbf800ef70f26afb2e0485a985c62889930934f019c565534c23", size = 10828401 },
    { url = "https://files.pythonhosted.org/packages/7e/82/5080e052c0d8c9872f6d4b94cae84c17ed7f2ea270d709210ea6445b655f/maturin-1.7.8-py3-none-win32.whl", hash = "sha256:403eebf1afa6f19b49425f089e39c53b8e597bc86a47f3a76e828dc78d27fa80", size = 6845240 },
    { url = "https://files.pythonhosted.org/packages/6d/c9/9b162361ded893f36038c2f8ac6a972ec441c11df8d17c440997eb28090f/maturin-1.7.8-py3-none-win_amd64.whl", hash = "sha256:1ce48d007438b895f8665314b6748ac0dab31e4f32049a60b52281dd2dccbdde", size = 7762332 },
    { url = "https://files.pythonhosted.org/packages/fa/40/46d4742db742f69a7fe0054cd7c82bc79b2d70cb8c91f7e737e75c28a5f3/maturin-1.7.8-py3-none-win_arm64.whl", hash = "sha256:cc92a62953205e8945b6cfe6943d6a8576a4442d30d9c67141f944f4f4640e62", size = 6501353 },
]

[[package]]
name = "parse"
version = "1.20.2"
source = { registry = "https://pypi.org/simple" }
sdist = { url = "https://files.pythonhosted.org/packages/4f/78/d9b09ba24bb36ef8b83b71be547e118d46214735b6dfb39e4bfde0e9b9dd/parse-1.20.2.tar.gz", hash = "sha256:b41d604d16503c79d81af5165155c0b20f6c8d6c559efa66b4b695c3e5a0a0ce", size = 29391 }
wheels = [
    { url = "https://files.pythonhosted.org/packages/d0/31/ba45bf0b2aa7898d81cbbfac0e88c267befb59ad91a19e36e1bc5578ddb1/parse-1.20.2-py2.py3-none-any.whl", hash = "sha256:967095588cb802add9177d0c0b6133b5ba33b1ea9007ca800e526f42a85af558", size = 20126 },
]

[[package]]
name = "parse-type"
version = "0.6.4"
source = { registry = "https://pypi.org/simple" }
dependencies = [
    { name = "parse" },
    { name = "six" },
]
sdist = { url = "https://files.pythonhosted.org/packages/17/e9/a3b2ae5f8a852542788ac1f1865dcea0c549cc40af243f42cabfa0acf24d/parse_type-0.6.4.tar.gz", hash = "sha256:5e1ec10440b000c3f818006033372939e693a9ec0176f446d9303e4db88489a6", size = 96480 }
wheels = [
    { url = "https://files.pythonhosted.org/packages/d5/b3/f6cc950042bfdbe98672e7c834d930f85920fb7d3359f59096e8d2799617/parse_type-0.6.4-py2.py3-none-any.whl", hash = "sha256:83d41144a82d6b8541127bf212dd76c7f01baff680b498ce8a4d052a7a5bce4c", size = 27442 },
]

[[package]]
name = "ruff"
version = "0.8.4"
source = { registry = "https://pypi.org/simple" }
sdist = { url = "https://files.pythonhosted.org/packages/34/37/9c02181ef38d55b77d97c68b78e705fd14c0de0e5d085202bb2b52ce5be9/ruff-0.8.4.tar.gz", hash = "sha256:0d5f89f254836799af1615798caa5f80b7f935d7a670fad66c5007928e57ace8", size = 3402103 }
wheels = [
    { url = "https://files.pythonhosted.org/packages/05/67/f480bf2f2723b2e49af38ed2be75ccdb2798fca7d56279b585c8f553aaab/ruff-0.8.4-py3-none-linux_armv6l.whl", hash = "sha256:58072f0c06080276804c6a4e21a9045a706584a958e644353603d36ca1eb8a60", size = 10546415 },
    { url = "https://files.pythonhosted.org/packages/eb/7a/5aba20312c73f1ce61814e520d1920edf68ca3b9c507bd84d8546a8ecaa8/ruff-0.8.4-py3-none-macosx_10_12_x86_64.whl", hash = "sha256:ffb60904651c00a1e0b8df594591770018a0f04587f7deeb3838344fe3adabac", size = 10346113 },
    { url = "https://files.pythonhosted.org/packages/76/f4/c41de22b3728486f0aa95383a44c42657b2db4062f3234ca36fc8cf52d8b/ruff-0.8.4-py3-none-macosx_11_0_arm64.whl", hash = "sha256:6ddf5d654ac0d44389f6bf05cee4caeefc3132a64b58ea46738111d687352296", size = 9943564 },
    { url = "https://files.pythonhosted.org/packages/0e/f0/afa0d2191af495ac82d4cbbfd7a94e3df6f62a04ca412033e073b871fc6d/ruff-0.8.4-py3-none-manylinux_2_17_aarch64.manylinux2014_aarch64.whl", hash = "sha256:e248b1f0fa2749edd3350a2a342b67b43a2627434c059a063418e3d375cfe643", size = 10805522 },
    { url = "https://files.pythonhosted.org/packages/12/57/5d1e9a0fd0c228e663894e8e3a8e7063e5ee90f8e8e60cf2085f362bfa1a/ruff-0.8.4-py3-none-manylinux_2_17_armv7l.manylinux2014_armv7l.whl", hash = "sha256:bf197b98ed86e417412ee3b6c893f44c8864f816451441483253d5ff22c0e81e", size = 10306763 },
    { url = "https://files.pythonhosted.org/packages/04/df/f069fdb02e408be8aac6853583572a2873f87f866fe8515de65873caf6b8/ruff-0.8.4-py3-none-manylinux_2_17_i686.manylinux2014_i686.whl", hash = "sha256:c41319b85faa3aadd4d30cb1cffdd9ac6b89704ff79f7664b853785b48eccdf3", size = 11359574 },
    { url = "https://files.pythonhosted.org/packages/d3/04/37c27494cd02e4a8315680debfc6dfabcb97e597c07cce0044db1f9dfbe2/ruff-0.8.4-py3-none-manylinux_2_17_ppc64.manylinux2014_ppc64.whl", hash = "sha256:9f8402b7c4f96463f135e936d9ab77b65711fcd5d72e5d67597b543bbb43cf3f", size = 12094851 },
    { url = "https://files.pythonhosted.org/packages/81/b1/c5d7fb68506cab9832d208d03ea4668da9a9887a4a392f4f328b1bf734ad/ruff-0.8.4-py3-none-manylinux_2_17_ppc64le.manylinux2014_ppc64le.whl", hash = "sha256:e4e56b3baa9c23d324ead112a4fdf20db9a3f8f29eeabff1355114dd96014604", size = 11655539 },
    { url = "https://files.pythonhosted.org/packages/ef/38/8f8f2c8898dc8a7a49bc340cf6f00226917f0f5cb489e37075bcb2ce3671/ruff-0.8.4-py3-none-manylinux_2_17_s390x.manylinux2014_s390x.whl", hash = "sha256:736272574e97157f7edbbb43b1d046125fce9e7d8d583d5d65d0c9bf2c15addf", size = 12912805 },
    { url = "https://files.pythonhosted.org/packages/06/dd/fa6660c279f4eb320788876d0cff4ea18d9af7d9ed7216d7bd66877468d0/ruff-0.8.4-py3-none-manylinux_2_17_x86_64.manylinux2014_x86_64.whl", hash = "sha256:e5fe710ab6061592521f902fca7ebcb9fabd27bc7c57c764298b1c1f15fff720", size = 11205976 },
    { url = "https://files.pythonhosted.org/packages/a8/d7/de94cc89833b5de455750686c17c9e10f4e1ab7ccdc5521b8fe911d1477e/ruff-0.8.4-py3-none-musllinux_1_2_aarch64.whl", hash = "sha256:13e9ec6d6b55f6da412d59953d65d66e760d583dd3c1c72bf1f26435b5bfdbae", size = 10792039 },
    { url = "https://files.pythonhosted.org/packages/6d/15/3e4906559248bdbb74854af684314608297a05b996062c9d72e0ef7c7097/ruff-0.8.4-py3-none-musllinux_1_2_armv7l.whl", hash = "sha256:97d9aefef725348ad77d6db98b726cfdb075a40b936c7984088804dfd38268a7", size = 10400088 },
    { url = "https://files.pythonhosted.org/packages/a2/21/9ed4c0e8133cb4a87a18d470f534ad1a8a66d7bec493bcb8bda2d1a5d5be/ruff-0.8.4-py3-none-musllinux_1_2_i686.whl", hash = "sha256:ab78e33325a6f5374e04c2ab924a3367d69a0da36f8c9cb6b894a62017506111", size = 10900814 },
    { url = "https://files.pythonhosted.org/packages/0d/5d/122a65a18955bd9da2616b69bc839351f8baf23b2805b543aa2f0aed72b5/ruff-0.8.4-py3-none-musllinux_1_2_x86_64.whl", hash = "sha256:8ef06f66f4a05c3ddbc9121a8b0cecccd92c5bf3dd43b5472ffe40b8ca10f0f8", size = 11268828 },
    { url = "https://files.pythonhosted.org/packages/43/a9/1676ee9106995381e3d34bccac5bb28df70194167337ed4854c20f27c7ba/ruff-0.8.4-py3-none-win32.whl", hash = "sha256:552fb6d861320958ca5e15f28b20a3d071aa83b93caee33a87b471f99a6c0835", size = 8805621 },
    { url = "https://files.pythonhosted.org/packages/10/98/ed6b56a30ee76771c193ff7ceeaf1d2acc98d33a1a27b8479cbdb5c17a23/ruff-0.8.4-py3-none-win_amd64.whl", hash = "sha256:f21a1143776f8656d7f364bd264a9d60f01b7f52243fbe90e7670c0dfe0cf65d", size = 9660086 },
    { url = "https://files.pythonhosted.org/packages/13/9f/026e18ca7d7766783d779dae5e9c656746c6ede36ef73c6d934aaf4a6dec/ruff-0.8.4-py3-none-win_arm64.whl", hash = "sha256:9183dd615d8df50defa8b1d9a074053891ba39025cf5ae88e8bcb52edcc4bf08", size = 9074500 },
]

[[package]]
name = "six"
version = "1.17.0"
source = { registry = "https://pypi.org/simple" }
sdist = { url = "https://files.pythonhosted.org/packages/94/e7/b2c673351809dca68a0e064b6af791aa332cf192da575fd474ed7d6f16a2/six-1.17.0.tar.gz", hash = "sha256:ff70335d468e7eb6ec65b95b99d3a2836546063f63acc5171de367e834932a81", size = 34031 }
wheels = [
    { url = "https://files.pythonhosted.org/packages/b7/ce/149a00dd41f10bc29e5921b496af8b574d8413afcd5e30dfa0ed46c2cc5e/six-1.17.0-py2.py3-none-any.whl", hash = "sha256:4721f391ed90541fddacab5acf947aa0d3dc7d27b2e1e8eda2be8970586c3274", size = 11050 },
]

[[package]]
name = "tomli"
version = "2.0.1"
source = { registry = "https://pypi.org/simple" }
sdist = { url = "https://files.pythonhosted.org/packages/c0/3f/d7af728f075fb08564c5949a9c95e44352e23dee646869fa104a3b2060a3/tomli-2.0.1.tar.gz", hash = "sha256:de526c12914f0c550d15924c62d72abc48d6fe7364aa87328337a31007fe8a4f", size = 15164 }
wheels = [
    { url = "https://files.pythonhosted.org/packages/97/75/10a9ebee3fd790d20926a90a2547f0bf78f371b2f13aa822c759680ca7b9/tomli-2.0.1-py3-none-any.whl", hash = "sha256:939de3e7a6161af0c887ef91b7d41a53e7c5a1ca976325f429cb46ea9bc30ecc", size = 12757 },
]
